
Microsoft Visual Studio Solution File, Format Version 12.00
# Visual Studio Express 2012 for Web
Project("{FAE04EC0-301F-11D3-BF4B-00C04F79EFBC}") = "PhotoFlutter", "PhotoFlutter\PhotoFlutter.csproj", "{282B2C0D-0E14-4BE4-9E46-10107A331DD8}"
EndProject
Global
	GlobalSection(SolutionConfigurationPlatforms) = preSolution
		Debug|Any CPU = Debug|Any CPU
		Release|Any CPU = Release|Any CPU
	EndGlobalSection
	GlobalSection(ProjectConfigurationPlatforms) = postSolution
		{282B2C0D-0E14-4BE4-9E46-10107A331DD8}.Debug|Any CPU.ActiveCfg = Debug|Any CPU
		{282B2C0D-0E14-4BE4-9E46-10107A331DD8}.Debug|Any CPU.Build.0 = Debug|Any CPU
		{282B2C0D-0E14-4BE4-9E46-10107A331DD8}.Release|Any CPU.ActiveCfg = Release|Any CPU
		{282B2C0D-0E14-4BE4-9E46-10107A331DD8}.Release|Any CPU.Build.0 = Release|Any CPU
	EndGlobalSection
	GlobalSection(SolutionProperties) = preSolution
		HideSolutionNode = FALSE
	EndGlobalSection
EndGlobal
